
Microsoft Visual Studio Solution File, Format Version 12.00
# Visual Studio Version 17
VisualStudioVersion = 17.5.002.0
MinimumVisualStudioVersion = 10.0.40219.1
Project("{9A19103F-16F7-4668-BE54-9A1E7A4F7556}") = "NomeNinja", "NomeNinja.csproj", "{21F1766E-CB55-4C85-B18C-5F4BEE4079CF}"
EndProject
Global
	GlobalSection(SolutionConfigurationPlatforms) = preSolution
		Debug|Any CPU = Debug|Any CPU
		Release|Any CPU = Release|Any CPU
	EndGlobalSection
	GlobalSection(ProjectConfigurationPlatforms) = postSolution
		{21F1766E-CB55-4C85-B18C-5F4BEE4079CF}.Debug|Any CPU.ActiveCfg = Debug|Any CPU
		{21F1766E-CB55-4C85-B18C-5F4BEE4079CF}.Debug|Any CPU.Build.0 = Debug|Any CPU
		{21F1766E-CB55-4C85-B18C-5F4BEE4079CF}.Release|Any CPU.ActiveCfg = Release|Any CPU
		{21F1766E-CB55-4C85-B18C-5F4BEE4079CF}.Release|Any CPU.Build.0 = Release|Any CPU
	EndGlobalSection
	GlobalSection(SolutionProperties) = preSolution
		HideSolutionNode = FALSE
	EndGlobalSection
	GlobalSection(ExtensibilityGlobals) = postSolution
		SolutionGuid = {3DFDA5A8-165C-4908-B7EE-6518FB8D8FB3}
	EndGlobalSection
EndGlobal
